
Microsoft Visual Studio Solution File, Format Version 12.00
# Visual Studio Version 16
VisualStudioVersion = 16.0.30621.155
MinimumVisualStudioVersion = 10.0.40219.1
Project("{FAE04EC0-301F-11D3-BF4B-00C04F79EFBC}") = "Giraffe", "Giraffe\Giraffe.csproj", "{A6097691-BBE0-4B80-8B86-F44EE0CA0A31}"
EndProject
Global
	GlobalSection(SolutionConfigurationPlatforms) = preSolution
		Debug|Any CPU = Debug|Any CPU
		Release|Any CPU = Release|Any CPU
	EndGlobalSection
	GlobalSection(ProjectConfigurationPlatforms) = postSolution
		{A6097691-BBE0-4B80-8B86-F44EE0CA0A31}.Debug|Any CPU.ActiveCfg = Debug|Any CPU
		{A6097691-BBE0-4B80-8B86-F44EE0CA0A31}.Debug|Any CPU.Build.0 = Debug|Any CPU
		{A6097691-BBE0-4B80-8B86-F44EE0CA0A31}.Release|Any CPU.ActiveCfg = Release|Any CPU
		{A6097691-BBE0-4B80-8B86-F44EE0CA0A31}.Release|Any CPU.Build.0 = Release|Any CPU
	EndGlobalSection
	GlobalSection(SolutionProperties) = preSolution
		HideSolutionNode = FALSE
	EndGlobalSection
	GlobalSection(ExtensibilityGlobals) = postSolution
		SolutionGuid = {24A35F7A-3B89-4788-B49A-7D3BF00B212B}
	EndGlobalSection
EndGlobal
